
Microsoft Visual Studio Solution File, Format Version 12.00
# Visual Studio 15
VisualStudioVersion = 15.0.28010.2048
MinimumVisualStudioVersion = 10.0.40219.1
Project("{FAE04EC0-301F-11D3-BF4B-00C04F79EFBC}") = "ConsoleApp1", "ConsoleApp1\ConsoleApp1.csproj", "{00998E35-5710-49B9-93E3-549883045A1D}"
EndProject
Global
	GlobalSection(SolutionConfigurationPlatforms) = preSolution
		Debug|Any CPU = Debug|Any CPU
		Release|Any CPU = Release|Any CPU
	EndGlobalSection
	GlobalSection(ProjectConfigurationPlatforms) = postSolution
		{00998E35-5710-49B9-93E3-549883045A1D}.Debug|Any CPU.ActiveCfg = Debug|Any CPU
		{00998E35-5710-49B9-93E3-549883045A1D}.Debug|Any CPU.Build.0 = Debug|Any CPU
		{00998E35-5710-49B9-93E3-549883045A1D}.Release|Any CPU.ActiveCfg = Release|Any CPU
		{00998E35-5710-49B9-93E3-549883045A1D}.Release|Any CPU.Build.0 = Release|Any CPU
	EndGlobalSection
	GlobalSection(SolutionProperties) = preSolution
		HideSolutionNode = FALSE
	EndGlobalSection
	GlobalSection(ExtensibilityGlobals) = postSolution
		SolutionGuid = {D3471AA6-B908-49AF-A731-8A54AF9F0E09}
	EndGlobalSection
EndGlobal
